
Microsoft Visual Studio Solution File, Format Version 12.00
# Visual Studio Version 17
VisualStudioVersion = 17.3.32825.248
MinimumVisualStudioVersion = 10.0.40219.1
Project("{9A19103F-16F7-4668-BE54-9A1E7A4F7556}") = "WeDoALittleTrolling", "WeDoALittleTrolling.csproj", "{F9FA15AE-F27D-4B83-82BF-B24F44BC70E6}"
EndProject
Global
	GlobalSection(SolutionConfigurationPlatforms) = preSolution
		Debug|Any CPU = Debug|Any CPU
		Release|Any CPU = Release|Any CPU
	EndGlobalSection
	GlobalSection(ProjectConfigurationPlatforms) = postSolution
		{F9FA15AE-F27D-4B83-82BF-B24F44BC70E6}.Debug|Any CPU.ActiveCfg = Debug|Any CPU
		{F9FA15AE-F27D-4B83-82BF-B24F44BC70E6}.Debug|Any CPU.Build.0 = Debug|Any CPU
		{F9FA15AE-F27D-4B83-82BF-B24F44BC70E6}.Release|Any CPU.ActiveCfg = Release|Any CPU
		{F9FA15AE-F27D-4B83-82BF-B24F44BC70E6}.Release|Any CPU.Build.0 = Release|Any CPU
	EndGlobalSection
	GlobalSection(SolutionProperties) = preSolution
		HideSolutionNode = FALSE
	EndGlobalSection
	GlobalSection(ExtensibilityGlobals) = postSolution
		SolutionGuid = {FEDD07A7-7E49-4644-B8C5-D9AECE1C382D}
	EndGlobalSection
EndGlobal
